{
  "name": "env-example-drift",
  "version": "0.1.2",
  "lockfileVersion": 3,
  "requires": true,
  "packages": {
    "": {
      "name": "env-example-drift",
      "version": "0.1.2",
      "license": "MIT",
      "bin": {
        "env-example-drift": "bin/env-example-drift.js"
      },
      "engines": {
        "node": ">=18"
      }
    }
  }
}
